
Microsoft Visual Studio Solution File, Format Version 12.00
# Visual Studio Version 17
VisualStudioVersion = 17.9.34902.65
MinimumVisualStudioVersion = 10.0.40219.1
Project("{FAE04EC0-301F-11D3-BF4B-00C04F79EFBC}") = "ZiekenFonds.API", "ZiekenFonds.API\ZiekenFonds.API.csproj", "{B31E8FB8-4D3B-4556-936F-8AB1103DA55C}"
EndProject
Project("{FAE04EC0-301F-11D3-BF4B-00C04F79EFBC}") = "ZiekenFonds.Web", "ZiekenFonds.Web\ZiekenFonds.Web.csproj", "{CF2D9FEA-3D41-4211-A3DC-B08B964C490E}"
EndProject
Global
	GlobalSection(SolutionConfigurationPlatforms) = preSolution
		Debug|Any CPU = Debug|Any CPU
		Release|Any CPU = Release|Any CPU
	EndGlobalSection
	GlobalSection(ProjectConfigurationPlatforms) = postSolution
		{B31E8FB8-4D3B-4556-936F-8AB1103DA55C}.Debug|Any CPU.ActiveCfg = Debug|Any CPU
		{B31E8FB8-4D3B-4556-936F-8AB1103DA55C}.Debug|Any CPU.Build.0 = Debug|Any CPU
		{B31E8FB8-4D3B-4556-936F-8AB1103DA55C}.Release|Any CPU.ActiveCfg = Release|Any CPU
		{B31E8FB8-4D3B-4556-936F-8AB1103DA55C}.Release|Any CPU.Build.0 = Release|Any CPU
		{CF2D9FEA-3D41-4211-A3DC-B08B964C490E}.Debug|Any CPU.ActiveCfg = Debug|Any CPU
		{CF2D9FEA-3D41-4211-A3DC-B08B964C490E}.Debug|Any CPU.Build.0 = Debug|Any CPU
		{CF2D9FEA-3D41-4211-A3DC-B08B964C490E}.Release|Any CPU.ActiveCfg = Release|Any CPU
		{CF2D9FEA-3D41-4211-A3DC-B08B964C490E}.Release|Any CPU.Build.0 = Release|Any CPU
	EndGlobalSection
	GlobalSection(SolutionProperties) = preSolution
		HideSolutionNode = FALSE
	EndGlobalSection
	GlobalSection(ExtensibilityGlobals) = postSolution
		SolutionGuid = {0CE66158-1EC4-4594-BCB0-447B3C9FE6CB}
	EndGlobalSection
EndGlobal
